
Microsoft Visual Studio Solution File, Format Version 12.00
# Visual Studio Version 16
VisualStudioVersion = 16.0.29102.190
MinimumVisualStudioVersion = 10.0.40219.1
Project("{9A19103F-16F7-4668-BE54-9A1E7A4F7556}") = "Learn.web", "Learn.web\Learn.web.csproj", "{78BBFA67-55C5-4B69-9291-C6800F8F7405}"
EndProject
Project("{9A19103F-16F7-4668-BE54-9A1E7A4F7556}") = "Learn.DataLayer", "Learn.DataLayer\Learn.DataLayer.csproj", "{03A00D91-924B-4475-A41B-5292644FAF49}"
EndProject
Project("{9A19103F-16F7-4668-BE54-9A1E7A4F7556}") = "Learn.Core", "Learn.Core\Learn.Core.csproj", "{9B6D4772-4EBB-4693-8A89-EECBECD43687}"
EndProject
Global
	GlobalSection(SolutionConfigurationPlatforms) = preSolution
		Debug|Any CPU = Debug|Any CPU
		Release|Any CPU = Release|Any CPU
	EndGlobalSection
	GlobalSection(ProjectConfigurationPlatforms) = postSolution
		{78BBFA67-55C5-4B69-9291-C6800F8F7405}.Debug|Any CPU.ActiveCfg = Debug|Any CPU
		{78BBFA67-55C5-4B69-9291-C6800F8F7405}.Debug|Any CPU.Build.0 = Debug|Any CPU
		{78BBFA67-55C5-4B69-9291-C6800F8F7405}.Release|Any CPU.ActiveCfg = Release|Any CPU
		{78BBFA67-55C5-4B69-9291-C6800F8F7405}.Release|Any CPU.Build.0 = Release|Any CPU
		{03A00D91-924B-4475-A41B-5292644FAF49}.Debug|Any CPU.ActiveCfg = Debug|Any CPU
		{03A00D91-924B-4475-A41B-5292644FAF49}.Debug|Any CPU.Build.0 = Debug|Any CPU
		{03A00D91-924B-4475-A41B-5292644FAF49}.Release|Any CPU.ActiveCfg = Release|Any CPU
		{03A00D91-924B-4475-A41B-5292644FAF49}.Release|Any CPU.Build.0 = Release|Any CPU
		{9B6D4772-4EBB-4693-8A89-EECBECD43687}.Debug|Any CPU.ActiveCfg = Debug|Any CPU
		{9B6D4772-4EBB-4693-8A89-EECBECD43687}.Debug|Any CPU.Build.0 = Debug|Any CPU
		{9B6D4772-4EBB-4693-8A89-EECBECD43687}.Release|Any CPU.ActiveCfg = Release|Any CPU
		{9B6D4772-4EBB-4693-8A89-EECBECD43687}.Release|Any CPU.Build.0 = Release|Any CPU
	EndGlobalSection
	GlobalSection(SolutionProperties) = preSolution
		HideSolutionNode = FALSE
	EndGlobalSection
	GlobalSection(ExtensibilityGlobals) = postSolution
		SolutionGuid = {2DF341E5-9E9E-4A5B-A30D-AA74EBF4772E}
	EndGlobalSection
EndGlobal
